// !$*UTF8*$!
{
	archiveVersion = 1;
	classes = {
	};
	objectVersion = 51;
	objects = {

/* Begin PBXBuildFile section */
		44089D7E26C17B3A00C4ACA4 /* GoogleService-Info.plist in Resources */ = {isa = PBXBuildFile; fileRef = 44089D7D26C17B3A00C4ACA4 /* GoogleService-Info.plist */; };
		44089D8E26C183AC00C4ACA4 /* SourceSansPro-BlackItalic.ttf in Resources */ = {isa = PBXBuildFile; fileRef = 44089D8226C183AC00C4ACA4 /* SourceSansPro-BlackItalic.ttf */; };
		44089D8F26C183AC00C4ACA4 /* SourceSansPro-SemiBoldItalic.ttf in Resources */ = {isa = PBXBuildFile; fileRef = 44089D8326C183AC00C4ACA4 /* SourceSansPro-SemiBoldItalic.ttf */; };
		44089D9026C183AC00C4ACA4 /* SourceSansPro-Regular.ttf in Resources */ = {isa = PBXBuildFile; fileRef = 44089D8426C183AC00C4ACA4 /* SourceSansPro-Regular.ttf */; };
		44089D9126C183AC00C4ACA4 /* SourceSansPro-Bold.ttf in Resources */ = {isa = PBXBuildFile; fileRef = 44089D8526C183AC00C4ACA4 /* SourceSansPro-Bold.ttf */; };
		44089D9226C183AC00C4ACA4 /* SourceSansPro-LightItalic.ttf in Resources */ = {isa = PBXBuildFile; fileRef = 44089D8626C183AC00C4ACA4 /* SourceSansPro-LightItalic.ttf */; };
		44089D9326C183AC00C4ACA4 /* SourceSansPro-Light.ttf in Resources */ = {isa = PBXBuildFile; fileRef = 44089D8726C183AC00C4ACA4 /* SourceSansPro-Light.ttf */; };
		44089D9426C183AC00C4ACA4 /* SourceSansPro-Black.ttf in Resources */ = {isa = PBXBuildFile; fileRef = 44089D8826C183AC00C4ACA4 /* SourceSansPro-Black.ttf */; };
		44089D9526C183AC00C4ACA4 /* SourceSansPro-ExtraLight.ttf in Resources */ = {isa = PBXBuildFile; fileRef = 44089D8926C183AC00C4ACA4 /* SourceSansPro-ExtraLight.ttf */; };
		44089D9626C183AC00C4ACA4 /* SourceSansPro-BoldItalic.ttf in Resources */ = {isa = PBXBuildFile; fileRef = 44089D8A26C183AC00C4ACA4 /* SourceSansPro-BoldItalic.ttf */; };
		44089D9726C183AC00C4ACA4 /* SourceSansPro-SemiBold.ttf in Resources */ = {isa = PBXBuildFile; fileRef = 44089D8B26C183AC00C4ACA4 /* SourceSansPro-SemiBold.ttf */; };
		44089D9826C183AC00C4ACA4 /* SourceSansPro-ExtraLightItalic.ttf in Resources */ = {isa = PBXBuildFile; fileRef = 44089D8C26C183AC00C4ACA4 /* SourceSansPro-ExtraLightItalic.ttf */; };
		44089D9926C183AC00C4ACA4 /* SourceSansPro-Italic.ttf in Resources */ = {isa = PBXBuildFile; fileRef = 44089D8D26C183AC00C4ACA4 /* SourceSansPro-Italic.ttf */; };
		44089D9B26C189D700C4ACA4 /* GoViewController.swift in Sources */ = {isa = PBXBuildFile; fileRef = 44089D9A26C189D700C4ACA4 /* GoViewController.swift */; };
		44257D8D26CA8F2500373532 /* ContactViewController.swift in Sources */ = {isa = PBXBuildFile; fileRef = 44257D8C26CA8F2500373532 /* ContactViewController.swift */; };
		44F0BDF226C17006002166D1 /* AppDelegate.swift in Sources */ = {isa = PBXBuildFile; fileRef = 44F0BDF126C17006002166D1 /* AppDelegate.swift */; };
		44F0BDF426C17006002166D1 /* SceneDelegate.swift in Sources */ = {isa = PBXBuildFile; fileRef = 44F0BDF326C17006002166D1 /* SceneDelegate.swift */; };
		44F0BDF926C17006002166D1 /* Main.storyboard in Resources */ = {isa = PBXBuildFile; fileRef = 44F0BDF726C17006002166D1 /* Main.storyboard */; };
		44F0BDFC26C17006002166D1 /* SharkhDesignApp.xcdatamodeld in Sources */ = {isa = PBXBuildFile; fileRef = 44F0BDFA26C17006002166D1 /* SharkhDesignApp.xcdatamodeld */; };
		44F0BDFE26C1700E002166D1 /* Assets.xcassets in Resources */ = {isa = PBXBuildFile; fileRef = 44F0BDFD26C1700E002166D1 /* Assets.xcassets */; };
		44F0BE0126C1700E002166D1 /* LaunchScreen.storyboard in Resources */ = {isa = PBXBuildFile; fileRef = 44F0BDFF26C1700E002166D1 /* LaunchScreen.storyboard */; };
		44F0BE0C26C1700F002166D1 /* SharkhDesignAppTests.swift in Sources */ = {isa = PBXBuildFile; fileRef = 44F0BE0B26C1700F002166D1 /* SharkhDesignAppTests.swift */; };
		44F0BE1726C1700F002166D1 /* SharkhDesignAppUITests.swift in Sources */ = {isa = PBXBuildFile; fileRef = 44F0BE1626C1700F002166D1 /* SharkhDesignAppUITests.swift */; };
		44F0BE2526C176A6002166D1 /* LoginViewController.swift in Sources */ = {isa = PBXBuildFile; fileRef = 44F0BE2426C176A6002166D1 /* LoginViewController.swift */; };
		44F0BE2726C176E2002166D1 /* SignupViewController.swift in Sources */ = {isa = PBXBuildFile; fileRef = 44F0BE2626C176E2002166D1 /* SignupViewController.swift */; };
		68B53264F813CC1F7018709C /* Pods_SharkhDesignAppTests.framework in Frameworks */ = {isa = PBXBuildFile; fileRef = 8784A14148CE85BFBC5EEE0F /* Pods_SharkhDesignAppTests.framework */; };
		6E5441382BE009677A1D583A /* Pods_SharkhDesignApp_SharkhDesignAppUITests.framework in Frameworks */ = {isa = PBXBuildFile; fileRef = EFF59CDE531764D759F78574 /* Pods_SharkhDesignApp_SharkhDesignAppUITests.framework */; };
		F01B063DFF7A8920440E9B60 /* Pods_SharkhDesignApp.framework in Frameworks */ = {isa = PBXBuildFile; fileRef = 3A9F069FAF25E7146552FFEC /* Pods_SharkhDesignApp.framework */; };
/* End PBXBuildFile section */

/* Begin PBXContainerItemProxy section */
		44F0BE0826C1700F002166D1 /* PBXContainerItemProxy */ = {
			isa = PBXContainerItemProxy;
			containerPortal = 44F0BDE626C17006002166D1 /* Project object */;
			proxyType = 1;
			remoteGlobalIDString = 44F0BDED26C17006002166D1;
			remoteInfo = SharkhDesignApp;
		};
		44F0BE1326C1700F002166D1 /* PBXContainerItemProxy */ = {
			isa = PBXContainerItemProxy;
			containerPortal = 44F0BDE626C17006002166D1 /* Project object */;
			proxyType = 1;
			remoteGlobalIDString = 44F0BDED26C17006002166D1;
			remoteInfo = SharkhDesignApp;
		};
/* End PBXContainerItemProxy section */

/* Begin PBXFileReference section */
		3A9F069FAF25E7146552FFEC /* Pods_SharkhDesignApp.framework */ = {isa = PBXFileReference; explicitFileType = wrapper.framework; includeInIndex = 0; path = Pods_SharkhDesignApp.framework; sourceTree = BUILT_PRODUCTS_DIR; };
		44089D7D26C17B3A00C4ACA4 /* GoogleService-Info.plist */ = {isa = PBXFileReference; fileEncoding = 4; lastKnownFileType = text.plist.xml; path = "GoogleService-Info.plist"; sourceTree = "<group>"; };
		44089D8226C183AC00C4ACA4 /* SourceSansPro-BlackItalic.ttf */ = {isa = PBXFileReference; lastKnownFileType = file; path = "SourceSansPro-BlackItalic.ttf"; sourceTree = "<group>"; };
		44089D8326C183AC00C4ACA4 /* SourceSansPro-SemiBoldItalic.ttf */ = {isa = PBXFileReference; lastKnownFileType = file; path = "SourceSansPro-SemiBoldItalic.ttf"; sourceTree = "<group>"; };
		44089D8426C183AC00C4ACA4 /* SourceSansPro-Regular.ttf */ = {isa = PBXFileReference; lastKnownFileType = file; path = "SourceSansPro-Regular.ttf"; sourceTree = "<group>"; };
		44089D8526C183AC00C4ACA4 /* SourceSansPro-Bold.ttf */ = {isa = PBXFileReference; lastKnownFileType = file; path = "SourceSansPro-Bold.ttf"; sourceTree = "<group>"; };
		44089D8626C183AC00C4ACA4 /* SourceSansPro-LightItalic.ttf */ = {isa = PBXFileReference; lastKnownFileType = file; path = "SourceSansPro-LightItalic.ttf"; sourceTree = "<group>"; };
		44089D8726C183AC00C4ACA4 /* SourceSansPro-Light.ttf */ = {isa = PBXFileReference; lastKnownFileType = file; path = "SourceSansPro-Light.ttf"; sourceTree = "<group>"; };
		44089D8826C183AC00C4ACA4 /* SourceSansPro-Black.ttf */ = {isa = PBXFileReference; lastKnownFileType = file; path = "SourceSansPro-Black.ttf"; sourceTree = "<group>"; };
		44089D8926C183AC00C4ACA4 /* SourceSansPro-ExtraLight.ttf */ = {isa = PBXFileReference; lastKnownFileType = file; path = "SourceSansPro-ExtraLight.ttf"; sourceTree = "<group>"; };
		44089D8A26C183AC00C4ACA4 /* SourceSansPro-BoldItalic.ttf */ = {isa = PBXFileReference; lastKnownFileType = file; path = "SourceSansPro-BoldItalic.ttf"; sourceTree = "<group>"; };
		44089D8B26C183AC00C4ACA4 /* SourceSansPro-SemiBold.ttf */ = {isa = PBXFileReference; lastKnownFileType = file; path = "SourceSansPro-SemiBold.ttf"; sourceTree = "<group>"; };
		44089D8C26C183AC00C4ACA4 /* SourceSansPro-ExtraLightItalic.ttf */ = {isa = PBXFileReference; lastKnownFileType = file; path = "SourceSansPro-ExtraLightItalic.ttf"; sourceTree = "<group>"; };
		44089D8D26C183AC00C4ACA4 /* SourceSansPro-Italic.ttf */ = {isa = PBXFileReference; lastKnownFileType = file; path = "SourceSansPro-Italic.ttf"; sourceTree = "<group>"; };
		44089D9A26C189D700C4ACA4 /* GoViewController.swift */ = {isa = PBXFileReference; lastKnownFileType = sourcecode.swift; path = GoViewController.swift; sourceTree = "<group>"; };
		44257D8C26CA8F2500373532 /* ContactViewController.swift */ = {isa = PBXFileReference; lastKnownFileType = sourcecode.swift; path = ContactViewController.swift; sourceTree = "<group>"; };
		44F0BDEE26C17006002166D1 /* SharkhDesignApp.app */ = {isa = PBXFileReference; explicitFileType = wrapper.application; includeInIndex = 0; path = SharkhDesignApp.app; sourceTree = BUILT_PRODUCTS_DIR; };
		44F0BDF126C17006002166D1 /* AppDelegate.swift */ = {isa = PBXFileReference; lastKnownFileType = sourcecode.swift; path = AppDelegate.swift; sourceTree = "<group>"; };
		44F0BDF326C17006002166D1 /* SceneDelegate.swift */ = {isa = PBXFileReference; lastKnownFileType = sourcecode.swift; path = SceneDelegate.swift; sourceTree = "<group>"; };
		44F0BDF826C17006002166D1 /* Base */ = {isa = PBXFileReference; lastKnownFileType = file.storyboard; name = Base; path = Base.lproj/Main.storyboard; sourceTree = "<group>"; };
		44F0BDFB26C17006002166D1 /* SharkhDesignApp.xcdatamodel */ = {isa = PBXFileReference; lastKnownFileType = wrapper.xcdatamodel; path = SharkhDesignApp.xcdatamodel; sourceTree = "<group>"; };
		44F0BDFD26C1700E002166D1 /* Assets.xcassets */ = {isa = PBXFileReference; lastKnownFileType = folder.assetcatalog; path = Assets.xcassets; sourceTree = "<group>"; };
		44F0BE0026C1700E002166D1 /* Base */ = {isa = PBXFileReference; lastKnownFileType = file.storyboard; name = Base; path = Base.lproj/LaunchScreen.storyboard; sourceTree = "<group>"; };
		44F0BE0226C1700E002166D1 /* Info.plist */ = {isa = PBXFileReference; lastKnownFileType = text.plist.xml; path = Info.plist; sourceTree = "<group>"; };
		44F0BE0726C1700F002166D1 /* SharkhDesignAppTests.xctest */ = {isa = PBXFileReference; explicitFileType = wrapper.cfbundle; includeInIndex = 0; path = SharkhDesignAppTests.xctest; sourceTree = BUILT_PRODUCTS_DIR; };
		44F0BE0B26C1700F002166D1 /* SharkhDesignAppTests.swift */ = {isa = PBXFileReference; lastKnownFileType = sourcecode.swift; path = SharkhDesignAppTests.swift; sourceTree = "<group>"; };
		44F0BE0D26C1700F002166D1 /* Info.plist */ = {isa = PBXFileReference; lastKnownFileType = text.plist.xml; path = Info.plist; sourceTree = "<group>"; };
		44F0BE1226C1700F002166D1 /* SharkhDesignAppUITests.xctest */ = {isa = PBXFileReference; explicitFileType = wrapper.cfbundle; includeInIndex = 0; path = SharkhDesignAppUITests.xctest; sourceTree = BUILT_PRODUCTS_DIR; };
		44F0BE1626C1700F002166D1 /* SharkhDesignAppUITests.swift */ = {isa = PBXFileReference; lastKnownFileType = sourcecode.swift; path = SharkhDesignAppUITests.swift; sourceTree = "<group>"; };
		44F0BE1826C1700F002166D1 /* Info.plist */ = {isa = PBXFileReference; lastKnownFileType = text.plist.xml; path = Info.plist; sourceTree = "<group>"; };
		44F0BE2426C176A6002166D1 /* LoginViewController.swift */ = {isa = PBXFileReference; fileEncoding = 4; lastKnownFileType = sourcecode.swift; path = LoginViewController.swift; sourceTree = "<group>"; };
		44F0BE2626C176E2002166D1 /* SignupViewController.swift */ = {isa = PBXFileReference; fileEncoding = 4; lastKnownFileType = sourcecode.swift; path = SignupViewController.swift; sourceTree = "<group>"; };
		549B77C1951BB56A009C23F6 /* Pods-SharkhDesignAppTests.debug.xcconfig */ = {isa = PBXFileReference; includeInIndex = 1; lastKnownFileType = text.xcconfig; name = "Pods-SharkhDesignAppTests.debug.xcconfig"; path = "Target Support Files/Pods-SharkhDesignAppTests/Pods-SharkhDesignAppTests.debug.xcconfig"; sourceTree = "<group>"; };
		8784A14148CE85BFBC5EEE0F /* Pods_SharkhDesignAppTests.framework */ = {isa = PBXFileReference; explicitFileType = wrapper.framework; includeInIndex = 0; path = Pods_SharkhDesignAppTests.framework; sourceTree = BUILT_PRODUCTS_DIR; };
		ACBAB4EF72A7A84D4760660D /* Pods-SharkhDesignApp.debug.xcconfig */ = {isa = PBXFileReference; includeInIndex = 1; lastKnownFileType = text.xcconfig; name = "Pods-SharkhDesignApp.debug.xcconfig"; path = "Target Support Files/Pods-SharkhDesignApp/Pods-SharkhDesignApp.debug.xcconfig"; sourceTree = "<group>"; };
		B316C33B3E43C50B163E82CE /* Pods-SharkhDesignAppTests.release.xcconfig */ = {isa = PBXFileReference; includeInIndex = 1; lastKnownFileType = text.xcconfig; name = "Pods-SharkhDesignAppTests.release.xcconfig"; path = "Target Support Files/Pods-SharkhDesignAppTests/Pods-SharkhDesignAppTests.release.xcconfig"; sourceTree = "<group>"; };
		C1FBA2D89E9254DE62E145D0 /* Pods-SharkhDesignApp-SharkhDesignAppUITests.debug.xcconfig */ = {isa = PBXFileReference; includeInIndex = 1; lastKnownFileType = text.xcconfig; name = "Pods-SharkhDesignApp-SharkhDesignAppUITests.debug.xcconfig"; path = "Target Support Files/Pods-SharkhDesignApp-SharkhDesignAppUITests/Pods-SharkhDesignApp-SharkhDesignAppUITests.debug.xcconfig"; sourceTree = "<group>"; };
		E7E21C478F968473A957E6E7 /* Pods-SharkhDesignApp-SharkhDesignAppUITests.release.xcconfig */ = {isa = PBXFileReference; includeInIndex = 1; lastKnownFileType = text.xcconfig; name = "Pods-SharkhDesignApp-SharkhDesignAppUITests.release.xcconfig"; path = "Target Support Files/Pods-SharkhDesignApp-SharkhDesignAppUITests/Pods-SharkhDesignApp-SharkhDesignAppUITests.release.xcconfig"; sourceTree = "<group>"; };
		EFF59CDE531764D759F78574 /* Pods_SharkhDesignApp_SharkhDesignAppUITests.framework */ = {isa = PBXFileReference; explicitFileType = wrapper.framework; includeInIndex = 0; path = Pods_SharkhDesignApp_SharkhDesignAppUITests.framework; sourceTree = BUILT_PRODUCTS_DIR; };
		F5664C61E00ECA1A890B65E1 /* Pods-SharkhDesignApp.release.xcconfig */ = {isa = PBXFileReference; includeInIndex = 1; lastKnownFileType = text.xcconfig; name = "Pods-SharkhDesignApp.release.xcconfig"; path = "Target Support Files/Pods-SharkhDesignApp/Pods-SharkhDesignApp.release.xcconfig"; sourceTree = "<group>"; };
/* End PBXFileReference section */

/* Begin PBXFrameworksBuildPhase section */
		44F0BDEB26C17006002166D1 /* Frameworks */ = {
			isa = PBXFrameworksBuildPhase;
			buildActionMask = 2147483647;
			files = (
				F01B063DFF7A8920440E9B60 /* Pods_SharkhDesignApp.framework in Frameworks */,
			);
			runOnlyForDeploymentPostprocessing = 0;
		};
		44F0BE0426C1700F002166D1 /* Frameworks */ = {
			isa = PBXFrameworksBuildPhase;
			buildActionMask = 2147483647;
			files = (
				68B53264F813CC1F7018709C /* Pods_SharkhDesignAppTests.framework in Frameworks */,
			);
			runOnlyForDeploymentPostprocessing = 0;
		};
		44F0BE0F26C1700F002166D1 /* Frameworks */ = {
			isa = PBXFrameworksBuildPhase;
			buildActionMask = 2147483647;
			files = (
				6E5441382BE009677A1D583A /* Pods_SharkhDesignApp_SharkhDesignAppUITests.framework in Frameworks */,
			);
			runOnlyForDeploymentPostprocessing = 0;
		};
/* End PBXFrameworksBuildPhase section */

/* Begin PBXGroup section */
		44089D8126C183AC00C4ACA4 /* font */ = {
			isa = PBXGroup;
			children = (
				44089D8226C183AC00C4ACA4 /* SourceSansPro-BlackItalic.ttf */,
				44089D8326C183AC00C4ACA4 /* SourceSansPro-SemiBoldItalic.ttf */,
				44089D8426C183AC00C4ACA4 /* SourceSansPro-Regular.ttf */,
				44089D8526C183AC00C4ACA4 /* SourceSansPro-Bold.ttf */,
				44089D8626C183AC00C4ACA4 /* SourceSansPro-LightItalic.ttf */,
				44089D8726C183AC00C4ACA4 /* SourceSansPro-Light.ttf */,
				44089D8826C183AC00C4ACA4 /* SourceSansPro-Black.ttf */,
				44089D8926C183AC00C4ACA4 /* SourceSansPro-ExtraLight.ttf */,
				44089D8A26C183AC00C4ACA4 /* SourceSansPro-BoldItalic.ttf */,
				44089D8B26C183AC00C4ACA4 /* SourceSansPro-SemiBold.ttf */,
				44089D8C26C183AC00C4ACA4 /* SourceSansPro-ExtraLightItalic.ttf */,
				44089D8D26C183AC00C4ACA4 /* SourceSansPro-Italic.ttf */,
			);
			path = font;
			sourceTree = "<group>";
		};
		44F0BDE526C17006002166D1 = {
			isa = PBXGroup;
			children = (
				44F0BDF026C17006002166D1 /* SharkhDesignApp */,
				44F0BE0A26C1700F002166D1 /* SharkhDesignAppTests */,
				44F0BE1526C1700F002166D1 /* SharkhDesignAppUITests */,
				44F0BDEF26C17006002166D1 /* Products */,
				F3A7E493C7EE6ACFD7D5B251 /* Pods */,
				FD79594ED1A43BD47C27DA4B /* Frameworks */,
			);
			sourceTree = "<group>";
		};
		44F0BDEF26C17006002166D1 /* Products */ = {
			isa = PBXGroup;
			children = (
				44F0BDEE26C17006002166D1 /* SharkhDesignApp.app */,
				44F0BE0726C1700F002166D1 /* SharkhDesignAppTests.xctest */,
				44F0BE1226C1700F002166D1 /* SharkhDesignAppUITests.xctest */,
			);
			name = Products;
			sourceTree = "<group>";
		};
		44F0BDF026C17006002166D1 /* SharkhDesignApp */ = {
			isa = PBXGroup;
			children = (
				44089D7D26C17B3A00C4ACA4 /* GoogleService-Info.plist */,
				44F0BE2626C176E2002166D1 /* SignupViewController.swift */,
				44F0BE2426C176A6002166D1 /* LoginViewController.swift */,
				44F0BDF126C17006002166D1 /* AppDelegate.swift */,
				44F0BDF326C17006002166D1 /* SceneDelegate.swift */,
				44257D8C26CA8F2500373532 /* ContactViewController.swift */,
				44F0BDF726C17006002166D1 /* Main.storyboard */,
				44089D9A26C189D700C4ACA4 /* GoViewController.swift */,
				44F0BDFD26C1700E002166D1 /* Assets.xcassets */,
				44F0BDFF26C1700E002166D1 /* LaunchScreen.storyboard */,
				44F0BE0226C1700E002166D1 /* Info.plist */,
				44F0BDFA26C17006002166D1 /* SharkhDesignApp.xcdatamodeld */,
				44089D8126C183AC00C4ACA4 /* font */,
			);
			path = SharkhDesignApp;
			sourceTree = "<group>";
		};
		44F0BE0A26C1700F002166D1 /* SharkhDesignAppTests */ = {
			isa = PBXGroup;
			children = (
				44F0BE0B26C1700F002166D1 /* SharkhDesignAppTests.swift */,
				44F0BE0D26C1700F002166D1 /* Info.plist */,
			);
			path = SharkhDesignAppTests;
			sourceTree = "<group>";
		};
		44F0BE1526C1700F002166D1 /* SharkhDesignAppUITests */ = {
			isa = PBXGroup;
			children = (
				44F0BE1626C1700F002166D1 /* SharkhDesignAppUITests.swift */,
				44F0BE1826C1700F002166D1 /* Info.plist */,
			);
			path = SharkhDesignAppUITests;
			sourceTree = "<group>";
		};
		F3A7E493C7EE6ACFD7D5B251 /* Pods */ = {
			isa = PBXGroup;
			children = (
				ACBAB4EF72A7A84D4760660D /* Pods-SharkhDesignApp.debug.xcconfig */,
				F5664C61E00ECA1A890B65E1 /* Pods-SharkhDesignApp.release.xcconfig */,
				C1FBA2D89E9254DE62E145D0 /* Pods-SharkhDesignApp-SharkhDesignAppUITests.debug.xcconfig */,
				E7E21C478F968473A957E6E7 /* Pods-SharkhDesignApp-SharkhDesignAppUITests.release.xcconfig */,
				549B77C1951BB56A009C23F6 /* Pods-SharkhDesignAppTests.debug.xcconfig */,
				B316C33B3E43C50B163E82CE /* Pods-SharkhDesignAppTests.release.xcconfig */,
			);
			path = Pods;
			sourceTree = "<group>";
		};
		FD79594ED1A43BD47C27DA4B /* Frameworks */ = {
			isa = PBXGroup;
			children = (
				3A9F069FAF25E7146552FFEC /* Pods_SharkhDesignApp.framework */,
				EFF59CDE531764D759F78574 /* Pods_SharkhDesignApp_SharkhDesignAppUITests.framework */,
				8784A14148CE85BFBC5EEE0F /* Pods_SharkhDesignAppTests.framework */,
			);
			name = Frameworks;
			sourceTree = "<group>";
		};
/* End PBXGroup section */

/* Begin PBXNativeTarget section */
		44F0BDED26C17006002166D1 /* SharkhDesignApp */ = {
			isa = PBXNativeTarget;
			buildConfigurationList = 44F0BE1B26C1700F002166D1 /* Build configuration list for PBXNativeTarget "SharkhDesignApp" */;
			buildPhases = (
				910ED9128070027E0A5FFF38 /* [CP] Check Pods Manifest.lock */,
				44F0BDEA26C17006002166D1 /* Sources */,
				44F0BDEB26C17006002166D1 /* Frameworks */,
				44F0BDEC26C17006002166D1 /* Resources */,
				41C18FD11EF9C92D5097991C /* [CP] Embed Pods Frameworks */,
			);
			buildRules = (
			);
			dependencies = (
			);
			name = SharkhDesignApp;
			productName = SharkhDesignApp;
			productReference = 44F0BDEE26C17006002166D1 /* SharkhDesignApp.app */;
			productType = "com.apple.product-type.application";
		};
		44F0BE0626C1700F002166D1 /* SharkhDesignAppTests */ = {
			isa = PBXNativeTarget;
			buildConfigurationList = 44F0BE1E26C1700F002166D1 /* Build configuration list for PBXNativeTarget "SharkhDesignAppTests" */;
			buildPhases = (
				7D3170867896DECEBB71A104 /* [CP] Check Pods Manifest.lock */,
				44F0BE0326C1700F002166D1 /* Sources */,
				44F0BE0426C1700F002166D1 /* Frameworks */,
				44F0BE0526C1700F002166D1 /* Resources */,
			);
			buildRules = (
			);
			dependencies = (
				44F0BE0926C1700F002166D1 /* PBXTargetDependency */,
			);
			name = SharkhDesignAppTests;
			productName = SharkhDesignAppTests;
			productReference = 44F0BE0726C1700F002166D1 /* SharkhDesignAppTests.xctest */;
			productType = "com.apple.product-type.bundle.unit-test";
		};
		44F0BE1126C1700F002166D1 /* SharkhDesignAppUITests */ = {
			isa = PBXNativeTarget;
			buildConfigurationList = 44F0BE2126C1700F002166D1 /* Build configuration list for PBXNativeTarget "SharkhDesignAppUITests" */;
			buildPhases = (
				338EAA46095B02BDD5E1DD64 /* [CP] Check Pods Manifest.lock */,
				44F0BE0E26C1700F002166D1 /* Sources */,
				44F0BE0F26C1700F002166D1 /* Frameworks */,
				44F0BE1026C1700F002166D1 /* Resources */,
				9873AF1DA2E5A0387B0A33E8 /* [CP] Embed Pods Frameworks */,
			);
			buildRules = (
			);
			dependencies = (
				44F0BE1426C1700F002166D1 /* PBXTargetDependency */,
			);
			name = SharkhDesignAppUITests;
			productName = SharkhDesignAppUITests;
			productReference = 44F0BE1226C1700F002166D1 /* SharkhDesignAppUITests.xctest */;
			productType = "com.apple.product-type.bundle.ui-testing";
		};
/* End PBXNativeTarget section */

/* Begin PBXProject section */
		44F0BDE626C17006002166D1 /* Project object */ = {
			isa = PBXProject;
			attributes = {
				LastSwiftUpdateCheck = 1250;
				LastUpgradeCheck = 1250;
				TargetAttributes = {
					44F0BDED26C17006002166D1 = {
						CreatedOnToolsVersion = 12.5;
					};
					44F0BE0626C1700F002166D1 = {
						CreatedOnToolsVersion = 12.5;
						TestTargetID = 44F0BDED26C17006002166D1;
					};
					44F0BE1126C1700F002166D1 = {
						CreatedOnToolsVersion = 12.5;
						TestTargetID = 44F0BDED26C17006002166D1;
					};
				};
			};
			buildConfigurationList = 44F0BDE926C17006002166D1 /* Build configuration list for PBXProject "SharkhDesignApp" */;
			compatibilityVersion = "Xcode 9.3";
			developmentRegion = en;
			hasScannedForEncodings = 0;
			knownRegions = (
				en,
				Base,
			);
			mainGroup = 44F0BDE526C17006002166D1;
			productRefGroup = 44F0BDEF26C17006002166D1 /* Products */;
			projectDirPath = "";
			projectRoot = "";
			targets = (
				44F0BDED26C17006002166D1 /* SharkhDesignApp */,
				44F0BE0626C1700F002166D1 /* SharkhDesignAppTests */,
				44F0BE1126C1700F002166D1 /* SharkhDesignAppUITests */,
			);
		};
/* End PBXProject section */

/* Begin PBXResourcesBuildPhase section */
		44F0BDEC26C17006002166D1 /* Resources */ = {
			isa = PBXResourcesBuildPhase;
			buildActionMask = 2147483647;
			files = (
				44089D9526C183AC00C4ACA4 /* SourceSansPro-ExtraLight.ttf in Resources */,
				44F0BE0126C1700E002166D1 /* LaunchScreen.storyboard in Resources */,
				44089D7E26C17B3A00C4ACA4 /* GoogleService-Info.plist in Resources */,
				44089D9226C183AC00C4ACA4 /* SourceSansPro-LightItalic.ttf in Resources */,
				44089D9326C183AC00C4ACA4 /* SourceSansPro-Light.ttf in Resources */,
				44089D9826C183AC00C4ACA4 /* SourceSansPro-ExtraLightItalic.ttf in Resources */,
				44089D8E26C183AC00C4ACA4 /* SourceSansPro-BlackItalic.ttf in Resources */,
				44089D9426C183AC00C4ACA4 /* SourceSansPro-Black.ttf in Resources */,
				44089D9026C183AC00C4ACA4 /* SourceSansPro-Regular.ttf in Resources */,
				44F0BDFE26C1700E002166D1 /* Assets.xcassets in Resources */,
				44089D8F26C183AC00C4ACA4 /* SourceSansPro-SemiBoldItalic.ttf in Resources */,
				44F0BDF926C17006002166D1 /* Main.storyboard in Resources */,
				44089D9126C183AC00C4ACA4 /* SourceSansPro-Bold.ttf in Resources */,
				44089D9626C183AC00C4ACA4 /* SourceSansPro-BoldItalic.ttf in Resources */,
				44089D9926C183AC00C4ACA4 /* SourceSansPro-Italic.ttf in Resources */,
				44089D9726C183AC00C4ACA4 /* SourceSansPro-SemiBold.ttf in Resources */,
			);
			runOnlyForDeploymentPostprocessing = 0;
		};
		44F0BE0526C1700F002166D1 /* Resources */ = {
			isa = PBXResourcesBuildPhase;
			buildActionMask = 2147483647;
			files = (
			);
			runOnlyForDeploymentPostprocessing = 0;
		};
		44F0BE1026C1700F002166D1 /* Resources */ = {
			isa = PBXResourcesBuildPhase;
			buildActionMask = 2147483647;
			files = (
			);
			runOnlyForDeploymentPostprocessing = 0;
		};
/* End PBXResourcesBuildPhase section */

/* Begin PBXShellScriptBuildPhase section */
		338EAA46095B02BDD5E1DD64 /* [CP] Check Pods Manifest.lock */ = {
			isa = PBXShellScriptBuildPhase;
			buildActionMask = 2147483647;
			files = (
			);
			inputFileListPaths = (
			);
			inputPaths = (
				"${PODS_PODFILE_DIR_PATH}/Podfile.lock",
				"${PODS_ROOT}/Manifest.lock",
			);
			name = "[CP] Check Pods Manifest.lock";
			outputFileListPaths = (
			);
			outputPaths = (
				"$(DERIVED_FILE_DIR)/Pods-SharkhDesignApp-SharkhDesignAppUITests-checkManifestLockResult.txt",
			);
			runOnlyForDeploymentPostprocessing = 0;
			shellPath = /bin/sh;
			shellScript = "diff \"${PODS_PODFILE_DIR_PATH}/Podfile.lock\" \"${PODS_ROOT}/Manifest.lock\" > /dev/null\nif [ $? != 0 ] ; then\n    # print error to STDERR\n    echo \"error: The sandbox is not in sync with the Podfile.lock. Run 'pod install' or update your CocoaPods installation.\" >&2\n    exit 1\nfi\n# This output is used by Xcode 'outputs' to avoid re-running this script phase.\necho \"SUCCESS\" > \"${SCRIPT_OUTPUT_FILE_0}\"\n";
			showEnvVarsInLog = 0;
		};
		41C18FD11EF9C92D5097991C /* [CP] Embed Pods Frameworks */ = {
			isa = PBXShellScriptBuildPhase;
			buildActionMask = 2147483647;
			files = (
			);
			inputFileListPaths = (
				"${PODS_ROOT}/Target Support Files/Pods-SharkhDesignApp/Pods-SharkhDesignApp-frameworks-${CONFIGURATION}-input-files.xcfilelist",
			);
			name = "[CP] Embed Pods Frameworks";
			outputFileListPaths = (
				"${PODS_ROOT}/Target Support Files/Pods-SharkhDesignApp/Pods-SharkhDesignApp-frameworks-${CONFIGURATION}-output-files.xcfilelist",
			);
			runOnlyForDeploymentPostprocessing = 0;
			shellPath = /bin/sh;
			shellScript = "\"${PODS_ROOT}/Target Support Files/Pods-SharkhDesignApp/Pods-SharkhDesignApp-frameworks.sh\"\n";
			showEnvVarsInLog = 0;
		};
		7D3170867896DECEBB71A104 /* [CP] Check Pods Manifest.lock */ = {
			isa = PBXShellScriptBuildPhase;
			buildActionMask = 2147483647;
			files = (
			);
			inputFileListPaths = (
			);
			inputPaths = (
				"${PODS_PODFILE_DIR_PATH}/Podfile.lock",
				"${PODS_ROOT}/Manifest.lock",
			);
			name = "[CP] Check Pods Manifest.lock";
			outputFileListPaths = (
			);
			outputPaths = (
				"$(DERIVED_FILE_DIR)/Pods-SharkhDesignAppTests-checkManifestLockResult.txt",
			);
			runOnlyForDeploymentPostprocessing = 0;
			shellPath = /bin/sh;
			shellScript = "diff \"${PODS_PODFILE_DIR_PATH}/Podfile.lock\" \"${PODS_ROOT}/Manifest.lock\" > /dev/null\nif [ $? != 0 ] ; then\n    # print error to STDERR\n    echo \"error: The sandbox is not in sync with the Podfile.lock. Run 'pod install' or update your CocoaPods installation.\" >&2\n    exit 1\nfi\n# This output is used by Xcode 'outputs' to avoid re-running this script phase.\necho \"SUCCESS\" > \"${SCRIPT_OUTPUT_FILE_0}\"\n";
			showEnvVarsInLog = 0;
		};
		910ED9128070027E0A5FFF38 /* [CP] Check Pods Manifest.lock */ = {
			isa = PBXShellScriptBuildPhase;
			buildActionMask = 2147483647;
			files = (
			);
			inputFileListPaths = (
			);
			inputPaths = (
				"${PODS_PODFILE_DIR_PATH}/Podfile.lock",
				"${PODS_ROOT}/Manifest.lock",
			);
			name = "[CP] Check Pods Manifest.lock";
			outputFileListPaths = (
			);
			outputPaths = (
				"$(DERIVED_FILE_DIR)/Pods-SharkhDesignApp-checkManifestLockResult.txt",
			);
			runOnlyForDeploymentPostprocessing = 0;
			shellPath = /bin/sh;
			shellScript = "diff \"${PODS_PODFILE_DIR_PATH}/Podfile.lock\" \"${PODS_ROOT}/Manifest.lock\" > /dev/null\nif [ $? != 0 ] ; then\n    # print error to STDERR\n    echo \"error: The sandbox is not in sync with the Podfile.lock. Run 'pod install' or update your CocoaPods installation.\" >&2\n    exit 1\nfi\n# This output is used by Xcode 'outputs' to avoid re-running this script phase.\necho \"SUCCESS\" > \"${SCRIPT_OUTPUT_FILE_0}\"\n";
			showEnvVarsInLog = 0;
		};
		9873AF1DA2E5A0387B0A33E8 /* [CP] Embed Pods Frameworks */ = {
			isa = PBXShellScriptBuildPhase;
			buildActionMask = 2147483647;
			files = (
			);
			inputFileListPaths = (
				"${PODS_ROOT}/Target Support Files/Pods-SharkhDesignApp-SharkhDesignAppUITests/Pods-SharkhDesignApp-SharkhDesignAppUITests-frameworks-${CONFIGURATION}-input-files.xcfilelist",
			);
			name = "[CP] Embed Pods Frameworks";
			outputFileListPaths = (
				"${PODS_ROOT}/Target Support Files/Pods-SharkhDesignApp-SharkhDesignAppUITests/Pods-SharkhDesignApp-SharkhDesignAppUITests-frameworks-${CONFIGURATION}-output-files.xcfilelist",
			);
			runOnlyForDeploymentPostprocessing = 0;
			shellPath = /bin/sh;
			shellScript = "\"${PODS_ROOT}/Target Support Files/Pods-SharkhDesignApp-SharkhDesignAppUITests/Pods-SharkhDesignApp-SharkhDesignAppUITests-frameworks.sh\"\n";
			showEnvVarsInLog = 0;
		};
/* End PBXShellScriptBuildPhase section */

/* Begin PBXSourcesBuildPhase section */
		44F0BDEA26C17006002166D1 /* Sources */ = {
			isa = PBXSourcesBuildPhase;
			buildActionMask = 2147483647;
			files = (
				44089D9B26C189D700C4ACA4 /* GoViewController.swift in Sources */,
				44257D8D26CA8F2500373532 /* ContactViewController.swift in Sources */,
				44F0BE2526C176A6002166D1 /* LoginViewController.swift in Sources */,
				44F0BDFC26C17006002166D1 /* SharkhDesignApp.xcdatamodeld in Sources */,
				44F0BE2726C176E2002166D1 /* SignupViewController.swift in Sources */,
				44F0BDF226C17006002166D1 /* AppDelegate.swift in Sources */,
				44F0BDF426C17006002166D1 /* SceneDelegate.swift in Sources */,
			);
			runOnlyForDeploymentPostprocessing = 0;
		};
		44F0BE0326C1700F002166D1 /* Sources */ = {
			isa = PBXSourcesBuildPhase;
			buildActionMask = 2147483647;
			files = (
				44F0BE0C26C1700F002166D1 /* SharkhDesignAppTests.swift in Sources */,
			);
			runOnlyForDeploymentPostprocessing = 0;
		};
		44F0BE0E26C1700F002166D1 /* Sources */ = {
			isa = PBXSourcesBuildPhase;
			buildActionMask = 2147483647;
			files = (
				44F0BE1726C1700F002166D1 /* SharkhDesignAppUITests.swift in Sources */,
			);
			runOnlyForDeploymentPostprocessing = 0;
		};
/* End PBXSourcesBuildPhase section */

/* Begin PBXTargetDependency section */
		44F0BE0926C1700F002166D1 /* PBXTargetDependency */ = {
			isa = PBXTargetDependency;
			target = 44F0BDED26C17006002166D1 /* SharkhDesignApp */;
			targetProxy = 44F0BE0826C1700F002166D1 /* PBXContainerItemProxy */;
		};
		44F0BE1426C1700F002166D1 /* PBXTargetDependency */ = {
			isa = PBXTargetDependency;
			target = 44F0BDED26C17006002166D1 /* SharkhDesignApp */;
			targetProxy = 44F0BE1326C1700F002166D1 /* PBXContainerItemProxy */;
		};
/* End PBXTargetDependency section */

/* Begin PBXVariantGroup section */
		44F0BDF726C17006002166D1 /* Main.storyboard */ = {
			isa = PBXVariantGroup;
			children = (
				44F0BDF826C17006002166D1 /* Base */,
			);
			name = Main.storyboard;
			sourceTree = "<group>";
		};
		44F0BDFF26C1700E002166D1 /* LaunchScreen.storyboard */ = {
			isa = PBXVariantGroup;
			children = (
				44F0BE0026C1700E002166D1 /* Base */,
			);
			name = LaunchScreen.storyboard;
			sourceTree = "<group>";
		};
/* End PBXVariantGroup section */

/* Begin XCBuildConfiguration section */
		44F0BE1926C1700F002166D1 /* Debug */ = {
			isa = XCBuildConfiguration;
			buildSettings = {
				ALWAYS_SEARCH_USER_PATHS = NO;
				CLANG_ANALYZER_NONNULL = YES;
				CLANG_ANALYZER_NUMBER_OBJECT_CONVERSION = YES_AGGRESSIVE;
				CLANG_CXX_LANGUAGE_STANDARD = "gnu++14";
				CLANG_CXX_LIBRARY = "libc++";
				CLANG_ENABLE_MODULES = YES;
				CLANG_ENABLE_OBJC_ARC = YES;
				CLANG_ENABLE_OBJC_WEAK = YES;
				CLANG_WARN_BLOCK_CAPTURE_AUTORELEASING = YES;
				CLANG_WARN_BOOL_CONVERSION = YES;
				CLANG_WARN_COMMA = YES;
				CLANG_WARN_CONSTANT_CONVERSION = YES;
				CLANG_WARN_DEPRECATED_OBJC_IMPLEMENTATIONS = YES;
				CLANG_WARN_DIRECT_OBJC_ISA_USAGE = YES_ERROR;
				CLANG_WARN_DOCUMENTATION_COMMENTS = YES;
				CLANG_WARN_EMPTY_BODY = YES;
				CLANG_WARN_ENUM_CONVERSION = YES;
				CLANG_WARN_INFINITE_RECURSION = YES;
				CLANG_WARN_INT_CONVERSION = YES;
				CLANG_WARN_NON_LITERAL_NULL_CONVERSION = YES;
				CLANG_WARN_OBJC_IMPLICIT_RETAIN_SELF = YES;
				CLANG_WARN_OBJC_LITERAL_CONVERSION = YES;
				CLANG_WARN_OBJC_ROOT_CLASS = YES_ERROR;
				CLANG_WARN_QUOTED_INCLUDE_IN_FRAMEWORK_HEADER = YES;
				CLANG_WARN_RANGE_LOOP_ANALYSIS = YES;
				CLANG_WARN_STRICT_PROTOTYPES = YES;
				CLANG_WARN_SUSPICIOUS_MOVE = YES;
				CLANG_WARN_UNGUARDED_AVAILABILITY = YES_AGGRESSIVE;
				CLANG_WARN_UNREACHABLE_CODE = YES;
				CLANG_WARN__DUPLICATE_METHOD_MATCH = YES;
				COPY_PHASE_STRIP = NO;
				DEBUG_INFORMATION_FORMAT = dwarf;
				ENABLE_STRICT_OBJC_MSGSEND = YES;
				ENABLE_TESTABILITY = YES;
				GCC_C_LANGUAGE_STANDARD = gnu11;
				GCC_DYNAMIC_NO_PIC = NO;
				GCC_NO_COMMON_BLOCKS = YES;
				GCC_OPTIMIZATION_LEVEL = 0;
				GCC_PREPROCESSOR_DEFINITIONS = (
					"DEBUG=1",
					"$(inherited)",
				);
				GCC_WARN_64_TO_32_BIT_CONVERSION = YES;
				GCC_WARN_ABOUT_RETURN_TYPE = YES_ERROR;
				GCC_WARN_UNDECLARED_SELECTOR = YES;
				GCC_WARN_UNINITIALIZED_AUTOS = YES_AGGRESSIVE;
				GCC_WARN_UNUSED_FUNCTION = YES;
				GCC_WARN_UNUSED_VARIABLE = YES;
				IPHONEOS_DEPLOYMENT_TARGET = 14.5;
				MTL_ENABLE_DEBUG_INFO = INCLUDE_SOURCE;
				MTL_FAST_MATH = YES;
				ONLY_ACTIVE_ARCH = YES;
				SDKROOT = iphoneos;
				SWIFT_ACTIVE_COMPILATION_CONDITIONS = DEBUG;
				SWIFT_OPTIMIZATION_LEVEL = "-Onone";
			};
			name = Debug;
		};
		44F0BE1A26C1700F002166D1 /* Release */ = {
			isa = XCBuildConfiguration;
			buildSettings = {
				ALWAYS_SEARCH_USER_PATHS = NO;
				CLANG_ANALYZER_NONNULL = YES;
				CLANG_ANALYZER_NUMBER_OBJECT_CONVERSION = YES_AGGRESSIVE;
				CLANG_CXX_LANGUAGE_STANDARD = "gnu++14";
				CLANG_CXX_LIBRARY = "libc++";
				CLANG_ENABLE_MODULES = YES;
				CLANG_ENABLE_OBJC_ARC = YES;
				CLANG_ENABLE_OBJC_WEAK = YES;
				CLANG_WARN_BLOCK_CAPTURE_AUTORELEASING = YES;
				CLANG_WARN_BOOL_CONVERSION = YES;
				CLANG_WARN_COMMA = YES;
				CLANG_WARN_CONSTANT_CONVERSION = YES;
				CLANG_WARN_DEPRECATED_OBJC_IMPLEMENTATIONS = YES;
				CLANG_WARN_DIRECT_OBJC_ISA_USAGE = YES_ERROR;
				CLANG_WARN_DOCUMENTATION_COMMENTS = YES;
				CLANG_WARN_EMPTY_BODY = YES;
				CLANG_WARN_ENUM_CONVERSION = YES;
				CLANG_WARN_INFINITE_RECURSION = YES;
				CLANG_WARN_INT_CONVERSION = YES;
				CLANG_WARN_NON_LITERAL_NULL_CONVERSION = YES;
				CLANG_WARN_OBJC_IMPLICIT_RETAIN_SELF = YES;
				CLANG_WARN_OBJC_LITERAL_CONVERSION = YES;
				CLANG_WARN_OBJC_ROOT_CLASS = YES_ERROR;
				CLANG_WARN_QUOTED_INCLUDE_IN_FRAMEWORK_HEADER = YES;
				CLANG_WARN_RANGE_LOOP_ANALYSIS = YES;
				CLANG_WARN_STRICT_PROTOTYPES = YES;
				CLANG_WARN_SUSPICIOUS_MOVE = YES;
				CLANG_WARN_UNGUARDED_AVAILABILITY = YES_AGGRESSIVE;
				CLANG_WARN_UNREACHABLE_CODE = YES;
				CLANG_WARN__DUPLICATE_METHOD_MATCH = YES;
				COPY_PHASE_STRIP = NO;
				DEBUG_INFORMATION_FORMAT = "dwarf-with-dsym";
				ENABLE_NS_ASSERTIONS = NO;
				ENABLE_STRICT_OBJC_MSGSEND = YES;
				GCC_C_LANGUAGE_STANDARD = gnu11;
				GCC_NO_COMMON_BLOCKS = YES;
				GCC_WARN_64_TO_32_BIT_CONVERSION = YES;
				GCC_WARN_ABOUT_RETURN_TYPE = YES_ERROR;
				GCC_WARN_UNDECLARED_SELECTOR = YES;
				GCC_WARN_UNINITIALIZED_AUTOS = YES_AGGRESSIVE;
				GCC_WARN_UNUSED_FUNCTION = YES;
				GCC_WARN_UNUSED_VARIABLE = YES;
				IPHONEOS_DEPLOYMENT_TARGET = 14.5;
				MTL_ENABLE_DEBUG_INFO = NO;
				MTL_FAST_MATH = YES;
				SDKROOT = iphoneos;
				SWIFT_COMPILATION_MODE = wholemodule;
				SWIFT_OPTIMIZATION_LEVEL = "-O";
				VALIDATE_PRODUCT = YES;
			};
			name = Release;
		};
		44F0BE1C26C1700F002166D1 /* Debug */ = {
			isa = XCBuildConfiguration;
			baseConfigurationReference = ACBAB4EF72A7A84D4760660D /* Pods-SharkhDesignApp.debug.xcconfig */;
			buildSettings = {
				ASSETCATALOG_COMPILER_APPICON_NAME = AppIcon;
				ASSETCATALOG_COMPILER_GLOBAL_ACCENT_COLOR_NAME = AccentColor;
				CODE_SIGN_STYLE = Automatic;
				DEVELOPMENT_TEAM = L8MQA244HK;
				INFOPLIST_FILE = SharkhDesignApp/Info.plist;
				LD_RUNPATH_SEARCH_PATHS = (
					"$(inherited)",
					"@executable_path/Frameworks",
				);
				PRODUCT_BUNDLE_IDENTIFIER = se.jessiG.SharkhDesignApp;
				PRODUCT_NAME = "$(TARGET_NAME)";
				SWIFT_VERSION = 5.0;
				TARGETED_DEVICE_FAMILY = "1,2";
			};
			name = Debug;
		};
		44F0BE1D26C1700F002166D1 /* Release */ = {
			isa = XCBuildConfiguration;
			baseConfigurationReference = F5664C61E00ECA1A890B65E1 /* Pods-SharkhDesignApp.release.xcconfig */;
			buildSettings = {
				ASSETCATALOG_COMPILER_APPICON_NAME = AppIcon;
				ASSETCATALOG_COMPILER_GLOBAL_ACCENT_COLOR_NAME = AccentColor;
				CODE_SIGN_STYLE = Automatic;
				DEVELOPMENT_TEAM = L8MQA244HK;
				INFOPLIST_FILE = SharkhDesignApp/Info.plist;
				LD_RUNPATH_SEARCH_PATHS = (
					"$(inherited)",
					"@executable_path/Frameworks",
				);
				PRODUCT_BUNDLE_IDENTIFIER = se.jessiG.SharkhDesignApp;
				PRODUCT_NAME = "$(TARGET_NAME)";
				SWIFT_VERSION = 5.0;
				TARGETED_DEVICE_FAMILY = "1,2";
			};
			name = Release;
		};
		44F0BE1F26C1700F002166D1 /* Debug */ = {
			isa = XCBuildConfiguration;
			baseConfigurationReference = 549B77C1951BB56A009C23F6 /* Pods-SharkhDesignAppTests.debug.xcconfig */;
			buildSettings = {
				ALWAYS_EMBED_SWIFT_STANDARD_LIBRARIES = YES;
				BUNDLE_LOADER = "$(TEST_HOST)";
				CODE_SIGN_STYLE = Automatic;
				INFOPLIST_FILE = SharkhDesignAppTests/Info.plist;
				IPHONEOS_DEPLOYMENT_TARGET = 14.5;
				LD_RUNPATH_SEARCH_PATHS = (
					"$(inherited)",
					"@executable_path/Frameworks",
					"@loader_path/Frameworks",
				);
				PRODUCT_BUNDLE_IDENTIFIER = se.jessiG.SharkhDesignAppTests;
				PRODUCT_NAME = "$(TARGET_NAME)";
				SWIFT_VERSION = 5.0;
				TARGETED_DEVICE_FAMILY = "1,2";
				TEST_HOST = "$(BUILT_PRODUCTS_DIR)/SharkhDesignApp.app/SharkhDesignApp";
			};
			name = Debug;
		};
		44F0BE2026C1700F002166D1 /* Release */ = {
			isa = XCBuildConfiguration;
			baseConfigurationReference = B316C33B3E43C50B163E82CE /* Pods-SharkhDesignAppTests.release.xcconfig */;
			buildSettings = {
				ALWAYS_EMBED_SWIFT_STANDARD_LIBRARIES = YES;
				BUNDLE_LOADER = "$(TEST_HOST)";
				CODE_SIGN_STYLE = Automatic;
				INFOPLIST_FILE = SharkhDesignAppTests/Info.plist;
				IPHONEOS_DEPLOYMENT_TARGET = 14.5;
				LD_RUNPATH_SEARCH_PATHS = (
					"$(inherited)",
					"@executable_path/Frameworks",
					"@loader_path/Frameworks",
				);
				PRODUCT_BUNDLE_IDENTIFIER = se.jessiG.SharkhDesignAppTests;
				PRODUCT_NAME = "$(TARGET_NAME)";
				SWIFT_VERSION = 5.0;
				TARGETED_DEVICE_FAMILY = "1,2";
				TEST_HOST = "$(BUILT_PRODUCTS_DIR)/SharkhDesignApp.app/SharkhDesignApp";
			};
			name = Release;
		};
		44F0BE2226C1700F002166D1 /* Debug */ = {
			isa = XCBuildConfiguration;
			baseConfigurationReference = C1FBA2D89E9254DE62E145D0 /* Pods-SharkhDesignApp-SharkhDesignAppUITests.debug.xcconfig */;
			buildSettings = {
				ALWAYS_EMBED_SWIFT_STANDARD_LIBRARIES = YES;
				CODE_SIGN_STYLE = Automatic;
				INFOPLIST_FILE = SharkhDesignAppUITests/Info.plist;
				LD_RUNPATH_SEARCH_PATHS = (
					"$(inherited)",
					"@executable_path/Frameworks",
					"@loader_path/Frameworks",
				);
				PRODUCT_BUNDLE_IDENTIFIER = se.jessiG.SharkhDesignAppUITests;
				PRODUCT_NAME = "$(TARGET_NAME)";
				SWIFT_VERSION = 5.0;
				TARGETED_DEVICE_FAMILY = "1,2";
				TEST_TARGET_NAME = SharkhDesignApp;
			};
			name = Debug;
		};
		44F0BE2326C1700F002166D1 /* Release */ = {
			isa = XCBuildConfiguration;
			baseConfigurationReference = E7E21C478F968473A957E6E7 /* Pods-SharkhDesignApp-SharkhDesignAppUITests.release.xcconfig */;
			buildSettings = {
				ALWAYS_EMBED_SWIFT_STANDARD_LIBRARIES = YES;
				CODE_SIGN_STYLE = Automatic;
				INFOPLIST_FILE = SharkhDesignAppUITests/Info.plist;
				LD_RUNPATH_SEARCH_PATHS = (
					"$(inherited)",
					"@executable_path/Frameworks",
					"@loader_path/Frameworks",
				);
				PRODUCT_BUNDLE_IDENTIFIER = se.jessiG.SharkhDesignAppUITests;
				PRODUCT_NAME = "$(TARGET_NAME)";
				SWIFT_VERSION = 5.0;
				TARGETED_DEVICE_FAMILY = "1,2";
				TEST_TARGET_NAME = SharkhDesignApp;
			};
			name = Release;
		};
/* End XCBuildConfiguration section */

/* Begin XCConfigurationList section */
		44F0BDE926C17006002166D1 /* Build configuration list for PBXProject "SharkhDesignApp" */ = {
			isa = XCConfigurationList;
			buildConfigurations = (
				44F0BE1926C1700F002166D1 /* Debug */,
				44F0BE1A26C1700F002166D1 /* Release */,
			);
			defaultConfigurationIsVisible = 0;
			defaultConfigurationName = Release;
		};
		44F0BE1B26C1700F002166D1 /* Build configuration list for PBXNativeTarget "SharkhDesignApp" */ = {
			isa = XCConfigurationList;
			buildConfigurations = (
				44F0BE1C26C1700F002166D1 /* Debug */,
				44F0BE1D26C1700F002166D1 /* Release */,
			);
			defaultConfigurationIsVisible = 0;
			defaultConfigurationName = Release;
		};
		44F0BE1E26C1700F002166D1 /* Build configuration list for PBXNativeTarget "SharkhDesignAppTests" */ = {
			isa = XCConfigurationList;
			buildConfigurations = (
				44F0BE1F26C1700F002166D1 /* Debug */,
				44F0BE2026C1700F002166D1 /* Release */,
			);
			defaultConfigurationIsVisible = 0;
			defaultConfigurationName = Release;
		};
		44F0BE2126C1700F002166D1 /* Build configuration list for PBXNativeTarget "SharkhDesignAppUITests" */ = {
			isa = XCConfigurationList;
			buildConfigurations = (
				44F0BE2226C1700F002166D1 /* Debug */,
				44F0BE2326C1700F002166D1 /* Release */,
			);
			defaultConfigurationIsVisible = 0;
			defaultConfigurationName = Release;
		};
/* End XCConfigurationList section */

/* Begin XCVersionGroup section */
		44F0BDFA26C17006002166D1 /* SharkhDesignApp.xcdatamodeld */ = {
			isa = XCVersionGroup;
			children = (
				44F0BDFB26C17006002166D1 /* SharkhDesignApp.xcdatamodel */,
			);
			currentVersion = 44F0BDFB26C17006002166D1 /* SharkhDesignApp.xcdatamodel */;
			path = SharkhDesignApp.xcdatamodeld;
			sourceTree = "<group>";
			versionGroupType = wrapper.xcdatamodel;
		};
/* End XCVersionGroup section */
	};
	rootObject = 44F0BDE626C17006002166D1 /* Project object */;
}
